
Microsoft Visual Studio Solution File, Format Version 12.00
# Visual Studio Version 17
VisualStudioVersion = 17.9.34728.123
MinimumVisualStudioVersion = 10.0.40219.1
Project("{FAE04EC0-301F-11D3-BF4B-00C04F79EFBC}") = "proyecto_db", "proyecto_db.csproj", "{5EB57BD5-5D46-4763-870B-43B603D9D5D6}"
EndProject
Global
	GlobalSection(SolutionConfigurationPlatforms) = preSolution
		Debug|Any CPU = Debug|Any CPU
		Release|Any CPU = Release|Any CPU
	EndGlobalSection
	GlobalSection(ProjectConfigurationPlatforms) = postSolution
		{5EB57BD5-5D46-4763-870B-43B603D9D5D6}.Debug|Any CPU.ActiveCfg = Debug|Any CPU
		{5EB57BD5-5D46-4763-870B-43B603D9D5D6}.Debug|Any CPU.Build.0 = Debug|Any CPU
		{5EB57BD5-5D46-4763-870B-43B603D9D5D6}.Release|Any CPU.ActiveCfg = Release|Any CPU
		{5EB57BD5-5D46-4763-870B-43B603D9D5D6}.Release|Any CPU.Build.0 = Release|Any CPU
	EndGlobalSection
	GlobalSection(SolutionProperties) = preSolution
		HideSolutionNode = FALSE
	EndGlobalSection
	GlobalSection(ExtensibilityGlobals) = postSolution
		SolutionGuid = {89C5B5CA-F337-45B5-8003-6874934599A5}
	EndGlobalSection
EndGlobal
